
Microsoft Visual Studio Solution File, Format Version 12.00
# Visual Studio Version 17
VisualStudioVersion = 17.8.34316.72
MinimumVisualStudioVersion = 10.0.40219.1
Project("{FAE04EC0-301F-11D3-BF4B-00C04F79EFBC}") = "WpfApp15", "WpfApp15\WpfApp15.csproj", "{BB9A2582-CE4B-48E0-850B-9FFE16848C14}"
EndProject
Global
	GlobalSection(SolutionConfigurationPlatforms) = preSolution
		Debug|Any CPU = Debug|Any CPU
		Release|Any CPU = Release|Any CPU
	EndGlobalSection
	GlobalSection(ProjectConfigurationPlatforms) = postSolution
		{BB9A2582-CE4B-48E0-850B-9FFE16848C14}.Debug|Any CPU.ActiveCfg = Debug|Any CPU
		{BB9A2582-CE4B-48E0-850B-9FFE16848C14}.Debug|Any CPU.Build.0 = Debug|Any CPU
		{BB9A2582-CE4B-48E0-850B-9FFE16848C14}.Release|Any CPU.ActiveCfg = Release|Any CPU
		{BB9A2582-CE4B-48E0-850B-9FFE16848C14}.Release|Any CPU.Build.0 = Release|Any CPU
	EndGlobalSection
	GlobalSection(SolutionProperties) = preSolution
		HideSolutionNode = FALSE
	EndGlobalSection
	GlobalSection(ExtensibilityGlobals) = postSolution
		SolutionGuid = {7F0EFA0B-41D2-45A6-8F32-56084D4278C6}
	EndGlobalSection
EndGlobal
